// !$*UTF8*$!
{
	archiveVersion = 1;
	classes = {
	};
	objectVersion = 77;
	objects = {

/* Begin PBXContainerItemProxy section */
		F6AA0A212D1E9D8400A3582B /* PBXContainerItemProxy */ = {
			isa = PBXContainerItemProxy;
			containerPortal = F6AA0A072D1E9D8300A3582B /* Project object */;
			proxyType = 1;
			remoteGlobalIDString = F6AA0A0E2D1E9D8300A3582B;
			remoteInfo = MacClipboardManager;
		};
		F6AA0A2B2D1E9D8400A3582B /* PBXContainerItemProxy */ = {
			isa = PBXContainerItemProxy;
			containerPortal = F6AA0A072D1E9D8300A3582B /* Project object */;
			proxyType = 1;
			remoteGlobalIDString = F6AA0A0E2D1E9D8300A3582B;
			remoteInfo = MacClipboardManager;
		};
/* End PBXContainerItemProxy section */

/* Begin PBXFileReference section */
		F6AA0A0F2D1E9D8300A3582B /* MacClipboardManager.app */ = {isa = PBXFileReference; explicitFileType = wrapper.application; includeInIndex = 0; path = MacClipboardManager.app; sourceTree = BUILT_PRODUCTS_DIR; };
		F6AA0A202D1E9D8400A3582B /* MacClipboardManagerTests.xctest */ = {isa = PBXFileReference; explicitFileType = wrapper.cfbundle; includeInIndex = 0; path = MacClipboardManagerTests.xctest; sourceTree = BUILT_PRODUCTS_DIR; };
		F6AA0A2A2D1E9D8400A3582B /* MacClipboardManagerUITests.xctest */ = {isa = PBXFileReference; explicitFileType = wrapper.cfbundle; includeInIndex = 0; path = MacClipboardManagerUITests.xctest; sourceTree = BUILT_PRODUCTS_DIR; };
/* End PBXFileReference section */

/* Begin PBXFileSystemSynchronizedRootGroup section */
		F6AA0A112D1E9D8300A3582B /* MacClipboardManager */ = {
			isa = PBXFileSystemSynchronizedRootGroup;
			path = MacClipboardManager;
			sourceTree = "<group>";
		};
		F6AA0A232D1E9D8400A3582B /* MacClipboardManagerTests */ = {
			isa = PBXFileSystemSynchronizedRootGroup;
			path = MacClipboardManagerTests;
			sourceTree = "<group>";
		};
		F6AA0A2D2D1E9D8400A3582B /* MacClipboardManagerUITests */ = {
			isa = PBXFileSystemSynchronizedRootGroup;
			path = MacClipboardManagerUITests;
			sourceTree = "<group>";
		};
/* End PBXFileSystemSynchronizedRootGroup section */

/* Begin PBXFrameworksBuildPhase section */
		F6AA0A0C2D1E9D8300A3582B /* Frameworks */ = {
			isa = PBXFrameworksBuildPhase;
			buildActionMask = 2147483647;
			files = (
			);
			runOnlyForDeploymentPostprocessing = 0;
		};
		F6AA0A1D2D1E9D8400A3582B /* Frameworks */ = {
			isa = PBXFrameworksBuildPhase;
			buildActionMask = 2147483647;
			files = (
			);
			runOnlyForDeploymentPostprocessing = 0;
		};
		F6AA0A272D1E9D8400A3582B /* Frameworks */ = {
			isa = PBXFrameworksBuildPhase;
			buildActionMask = 2147483647;
			files = (
			);
			runOnlyForDeploymentPostprocessing = 0;
		};
/* End PBXFrameworksBuildPhase section */

/* Begin PBXGroup section */
		F6AA0A062D1E9D8300A3582B = {
			isa = PBXGroup;
			children = (
				F6AA0A112D1E9D8300A3582B /* MacClipboardManager */,
				F6AA0A232D1E9D8400A3582B /* MacClipboardManagerTests */,
				F6AA0A2D2D1E9D8400A3582B /* MacClipboardManagerUITests */,
				F6AA0A102D1E9D8300A3582B /* Products */,
			);
			sourceTree = "<group>";
		};
		F6AA0A102D1E9D8300A3582B /* Products */ = {
			isa = PBXGroup;
			children = (
				F6AA0A0F2D1E9D8300A3582B /* MacClipboardManager.app */,
				F6AA0A202D1E9D8400A3582B /* MacClipboardManagerTests.xctest */,
				F6AA0A2A2D1E9D8400A3582B /* MacClipboardManagerUITests.xctest */,
			);
			name = Products;
			sourceTree = "<group>";
		};
/* End PBXGroup section */

/* Begin PBXNativeTarget section */
		F6AA0A0E2D1E9D8300A3582B /* MacClipboardManager */ = {
			isa = PBXNativeTarget;
			buildConfigurationList = F6AA0A342D1E9D8400A3582B /* Build configuration list for PBXNativeTarget "MacClipboardManager" */;
			buildPhases = (
				F6AA0A0B2D1E9D8300A3582B /* Sources */,
				F6AA0A0C2D1E9D8300A3582B /* Frameworks */,
				F6AA0A0D2D1E9D8300A3582B /* Resources */,
			);
			buildRules = (
			);
			dependencies = (
			);
			fileSystemSynchronizedGroups = (
				F6AA0A112D1E9D8300A3582B /* MacClipboardManager */,
			);
			name = MacClipboardManager;
			packageProductDependencies = (
			);
			productName = MacClipboardManager;
			productReference = F6AA0A0F2D1E9D8300A3582B /* MacClipboardManager.app */;
			productType = "com.apple.product-type.application";
		};
		F6AA0A1F2D1E9D8400A3582B /* MacClipboardManagerTests */ = {
			isa = PBXNativeTarget;
			buildConfigurationList = F6AA0A372D1E9D8400A3582B /* Build configuration list for PBXNativeTarget "MacClipboardManagerTests" */;
			buildPhases = (
				F6AA0A1C2D1E9D8400A3582B /* Sources */,
				F6AA0A1D2D1E9D8400A3582B /* Frameworks */,
				F6AA0A1E2D1E9D8400A3582B /* Resources */,
			);
			buildRules = (
			);
			dependencies = (
				F6AA0A222D1E9D8400A3582B /* PBXTargetDependency */,
			);
			fileSystemSynchronizedGroups = (
				F6AA0A232D1E9D8400A3582B /* MacClipboardManagerTests */,
			);
			name = MacClipboardManagerTests;
			packageProductDependencies = (
			);
			productName = MacClipboardManagerTests;
			productReference = F6AA0A202D1E9D8400A3582B /* MacClipboardManagerTests.xctest */;
			productType = "com.apple.product-type.bundle.unit-test";
		};
		F6AA0A292D1E9D8400A3582B /* MacClipboardManagerUITests */ = {
			isa = PBXNativeTarget;
			buildConfigurationList = F6AA0A3A2D1E9D8400A3582B /* Build configuration list for PBXNativeTarget "MacClipboardManagerUITests" */;
			buildPhases = (
				F6AA0A262D1E9D8400A3582B /* Sources */,
				F6AA0A272D1E9D8400A3582B /* Frameworks */,
				F6AA0A282D1E9D8400A3582B /* Resources */,
			);
			buildRules = (
			);
			dependencies = (
				F6AA0A2C2D1E9D8400A3582B /* PBXTargetDependency */,
			);
			fileSystemSynchronizedGroups = (
				F6AA0A2D2D1E9D8400A3582B /* MacClipboardManagerUITests */,
			);
			name = MacClipboardManagerUITests;
			packageProductDependencies = (
			);
			productName = MacClipboardManagerUITests;
			productReference = F6AA0A2A2D1E9D8400A3582B /* MacClipboardManagerUITests.xctest */;
			productType = "com.apple.product-type.bundle.ui-testing";
		};
/* End PBXNativeTarget section */

/* Begin PBXProject section */
		F6AA0A072D1E9D8300A3582B /* Project object */ = {
			isa = PBXProject;
			attributes = {
				BuildIndependentTargetsInParallel = 1;
				LastSwiftUpdateCheck = 1600;
				LastUpgradeCheck = 1600;
				TargetAttributes = {
					F6AA0A0E2D1E9D8300A3582B = {
						CreatedOnToolsVersion = 16.0;
					};
					F6AA0A1F2D1E9D8400A3582B = {
						CreatedOnToolsVersion = 16.0;
						TestTargetID = F6AA0A0E2D1E9D8300A3582B;
					};
					F6AA0A292D1E9D8400A3582B = {
						CreatedOnToolsVersion = 16.0;
						TestTargetID = F6AA0A0E2D1E9D8300A3582B;
					};
				};
			};
			buildConfigurationList = F6AA0A0A2D1E9D8300A3582B /* Build configuration list for PBXProject "MacClipboardManager" */;
			developmentRegion = en;
			hasScannedForEncodings = 0;
			knownRegions = (
				en,
				Base,
			);
			mainGroup = F6AA0A062D1E9D8300A3582B;
			minimizedProjectReferenceProxies = 1;
			preferredProjectObjectVersion = 77;
			productRefGroup = F6AA0A102D1E9D8300A3582B /* Products */;
			projectDirPath = "";
			projectRoot = "";
			targets = (
				F6AA0A0E2D1E9D8300A3582B /* MacClipboardManager */,
				F6AA0A1F2D1E9D8400A3582B /* MacClipboardManagerTests */,
				F6AA0A292D1E9D8400A3582B /* MacClipboardManagerUITests */,
			);
		};
/* End PBXProject section */

/* Begin PBXResourcesBuildPhase section */
		F6AA0A0D2D1E9D8300A3582B /* Resources */ = {
			isa = PBXResourcesBuildPhase;
			buildActionMask = 2147483647;
			files = (
			);
			runOnlyForDeploymentPostprocessing = 0;
		};
		F6AA0A1E2D1E9D8400A3582B /* Resources */ = {
			isa = PBXResourcesBuildPhase;
			buildActionMask = 2147483647;
			files = (
			);
			runOnlyForDeploymentPostprocessing = 0;
		};
		F6AA0A282D1E9D8400A3582B /* Resources */ = {
			isa = PBXResourcesBuildPhase;
			buildActionMask = 2147483647;
			files = (
			);
			runOnlyForDeploymentPostprocessing = 0;
		};
/* End PBXResourcesBuildPhase section */

/* Begin PBXSourcesBuildPhase section */
		F6AA0A0B2D1E9D8300A3582B /* Sources */ = {
			isa = PBXSourcesBuildPhase;
			buildActionMask = 2147483647;
			files = (
			);
			runOnlyForDeploymentPostprocessing = 0;
		};
		F6AA0A1C2D1E9D8400A3582B /* Sources */ = {
			isa = PBXSourcesBuildPhase;
			buildActionMask = 2147483647;
			files = (
			);
			runOnlyForDeploymentPostprocessing = 0;
		};
		F6AA0A262D1E9D8400A3582B /* Sources */ = {
			isa = PBXSourcesBuildPhase;
			buildActionMask = 2147483647;
			files = (
			);
			runOnlyForDeploymentPostprocessing = 0;
		};
/* End PBXSourcesBuildPhase section */

/* Begin PBXTargetDependency section */
		F6AA0A222D1E9D8400A3582B /* PBXTargetDependency */ = {
			isa = PBXTargetDependency;
			target = F6AA0A0E2D1E9D8300A3582B /* MacClipboardManager */;
			targetProxy = F6AA0A212D1E9D8400A3582B /* PBXContainerItemProxy */;
		};
		F6AA0A2C2D1E9D8400A3582B /* PBXTargetDependency */ = {
			isa = PBXTargetDependency;
			target = F6AA0A0E2D1E9D8300A3582B /* MacClipboardManager */;
			targetProxy = F6AA0A2B2D1E9D8400A3582B /* PBXContainerItemProxy */;
		};
/* End PBXTargetDependency section */

/* Begin XCBuildConfiguration section */
		F6AA0A322D1E9D8400A3582B /* Debug */ = {
			isa = XCBuildConfiguration;
			buildSettings = {
				ALWAYS_SEARCH_USER_PATHS = NO;
				ASSETCATALOG_COMPILER_GENERATE_SWIFT_ASSET_SYMBOL_EXTENSIONS = YES;
				CLANG_ANALYZER_NONNULL = YES;
				CLANG_ANALYZER_NUMBER_OBJECT_CONVERSION = YES_AGGRESSIVE;
				CLANG_CXX_LANGUAGE_STANDARD = "gnu++20";
				CLANG_ENABLE_MODULES = YES;
				CLANG_ENABLE_OBJC_ARC = YES;
				CLANG_ENABLE_OBJC_WEAK = YES;
				CLANG_WARN_BLOCK_CAPTURE_AUTORELEASING = YES;
				CLANG_WARN_BOOL_CONVERSION = YES;
				CLANG_WARN_COMMA = YES;
				CLANG_WARN_CONSTANT_CONVERSION = YES;
				CLANG_WARN_DEPRECATED_OBJC_IMPLEMENTATIONS = YES;
				CLANG_WARN_DIRECT_OBJC_ISA_USAGE = YES_ERROR;
				CLANG_WARN_DOCUMENTATION_COMMENTS = YES;
				CLANG_WARN_EMPTY_BODY = YES;
				CLANG_WARN_ENUM_CONVERSION = YES;
				CLANG_WARN_INFINITE_RECURSION = YES;
				CLANG_WARN_INT_CONVERSION = YES;
				CLANG_WARN_NON_LITERAL_NULL_CONVERSION = YES;
				CLANG_WARN_OBJC_IMPLICIT_RETAIN_SELF = YES;
				CLANG_WARN_OBJC_LITERAL_CONVERSION = YES;
				CLANG_WARN_OBJC_ROOT_CLASS = YES_ERROR;
				CLANG_WARN_QUOTED_INCLUDE_IN_FRAMEWORK_HEADER = YES;
				CLANG_WARN_RANGE_LOOP_ANALYSIS = YES;
				CLANG_WARN_STRICT_PROTOTYPES = YES;
				CLANG_WARN_SUSPICIOUS_MOVE = YES;
				CLANG_WARN_UNGUARDED_AVAILABILITY = YES_AGGRESSIVE;
				CLANG_WARN_UNREACHABLE_CODE = YES;
				CLANG_WARN__DUPLICATE_METHOD_MATCH = YES;
				COPY_PHASE_STRIP = NO;
				DEBUG_INFORMATION_FORMAT = dwarf;
				ENABLE_STRICT_OBJC_MSGSEND = YES;
				ENABLE_TESTABILITY = YES;
				ENABLE_USER_SCRIPT_SANDBOXING = YES;
				GCC_C_LANGUAGE_STANDARD = gnu17;
				GCC_DYNAMIC_NO_PIC = NO;
				GCC_NO_COMMON_BLOCKS = YES;
				GCC_OPTIMIZATION_LEVEL = 0;
				GCC_PREPROCESSOR_DEFINITIONS = (
					"DEBUG=1",
					"$(inherited)",
				);
				GCC_WARN_64_TO_32_BIT_CONVERSION = YES;
				GCC_WARN_ABOUT_RETURN_TYPE = YES_ERROR;
				GCC_WARN_UNDECLARED_SELECTOR = YES;
				GCC_WARN_UNINITIALIZED_AUTOS = YES_AGGRESSIVE;
				GCC_WARN_UNUSED_FUNCTION = YES;
				GCC_WARN_UNUSED_VARIABLE = YES;
				LOCALIZATION_PREFERS_STRING_CATALOGS = YES;
				MACOSX_DEPLOYMENT_TARGET = 15.0;
				MTL_ENABLE_DEBUG_INFO = INCLUDE_SOURCE;
				MTL_FAST_MATH = YES;
				ONLY_ACTIVE_ARCH = YES;
				SDKROOT = macosx;
				SWIFT_ACTIVE_COMPILATION_CONDITIONS = "DEBUG $(inherited)";
				SWIFT_OPTIMIZATION_LEVEL = "-Onone";
			};
			name = Debug;
		};
		F6AA0A332D1E9D8400A3582B /* Release */ = {
			isa = XCBuildConfiguration;
			buildSettings = {
				ALWAYS_SEARCH_USER_PATHS = NO;
				ASSETCATALOG_COMPILER_GENERATE_SWIFT_ASSET_SYMBOL_EXTENSIONS = YES;
				CLANG_ANALYZER_NONNULL = YES;
				CLANG_ANALYZER_NUMBER_OBJECT_CONVERSION = YES_AGGRESSIVE;
				CLANG_CXX_LANGUAGE_STANDARD = "gnu++20";
				CLANG_ENABLE_MODULES = YES;
				CLANG_ENABLE_OBJC_ARC = YES;
				CLANG_ENABLE_OBJC_WEAK = YES;
				CLANG_WARN_BLOCK_CAPTURE_AUTORELEASING = YES;
				CLANG_WARN_BOOL_CONVERSION = YES;
				CLANG_WARN_COMMA = YES;
				CLANG_WARN_CONSTANT_CONVERSION = YES;
				CLANG_WARN_DEPRECATED_OBJC_IMPLEMENTATIONS = YES;
				CLANG_WARN_DIRECT_OBJC_ISA_USAGE = YES_ERROR;
				CLANG_WARN_DOCUMENTATION_COMMENTS = YES;
				CLANG_WARN_EMPTY_BODY = YES;
				CLANG_WARN_ENUM_CONVERSION = YES;
				CLANG_WARN_INFINITE_RECURSION = YES;
				CLANG_WARN_INT_CONVERSION = YES;
				CLANG_WARN_NON_LITERAL_NULL_CONVERSION = YES;
				CLANG_WARN_OBJC_IMPLICIT_RETAIN_SELF = YES;
				CLANG_WARN_OBJC_LITERAL_CONVERSION = YES;
				CLANG_WARN_OBJC_ROOT_CLASS = YES_ERROR;
				CLANG_WARN_QUOTED_INCLUDE_IN_FRAMEWORK_HEADER = YES;
				CLANG_WARN_RANGE_LOOP_ANALYSIS = YES;
				CLANG_WARN_STRICT_PROTOTYPES = YES;
				CLANG_WARN_SUSPICIOUS_MOVE = YES;
				CLANG_WARN_UNGUARDED_AVAILABILITY = YES_AGGRESSIVE;
				CLANG_WARN_UNREACHABLE_CODE = YES;
				CLANG_WARN__DUPLICATE_METHOD_MATCH = YES;
				COPY_PHASE_STRIP = NO;
				DEBUG_INFORMATION_FORMAT = "dwarf-with-dsym";
				ENABLE_NS_ASSERTIONS = NO;
				ENABLE_STRICT_OBJC_MSGSEND = YES;
				ENABLE_USER_SCRIPT_SANDBOXING = YES;
				GCC_C_LANGUAGE_STANDARD = gnu17;
				GCC_NO_COMMON_BLOCKS = YES;
				GCC_WARN_64_TO_32_BIT_CONVERSION = YES;
				GCC_WARN_ABOUT_RETURN_TYPE = YES_ERROR;
				GCC_WARN_UNDECLARED_SELECTOR = YES;
				GCC_WARN_UNINITIALIZED_AUTOS = YES_AGGRESSIVE;
				GCC_WARN_UNUSED_FUNCTION = YES;
				GCC_WARN_UNUSED_VARIABLE = YES;
				LOCALIZATION_PREFERS_STRING_CATALOGS = YES;
				MACOSX_DEPLOYMENT_TARGET = 15.0;
				MTL_ENABLE_DEBUG_INFO = NO;
				MTL_FAST_MATH = YES;
				SDKROOT = macosx;
				SWIFT_COMPILATION_MODE = wholemodule;
			};
			name = Release;
		};
		F6AA0A352D1E9D8400A3582B /* Debug */ = {
			isa = XCBuildConfiguration;
			buildSettings = {
				ASSETCATALOG_COMPILER_APPICON_NAME = AppIcon;
				ASSETCATALOG_COMPILER_GLOBAL_ACCENT_COLOR_NAME = AccentColor;
				CODE_SIGN_ENTITLEMENTS = MacClipboardManager/MacClipboardManager.entitlements;
				"CODE_SIGN_IDENTITY[sdk=macosx*]" = "Apple Development";
				CODE_SIGN_STYLE = Automatic;
				COMBINE_HIDPI_IMAGES = YES;
				CURRENT_PROJECT_VERSION = 1;
				DEVELOPMENT_TEAM = Q5Q77Z4TJ9;
				ENABLE_HARDENED_RUNTIME = YES;
				GENERATE_INFOPLIST_FILE = YES;
				INFOPLIST_KEY_NSHumanReadableCopyright = "";
				INFOPLIST_KEY_NSPrincipalClass = NSApplication;
				LD_RUNPATH_SEARCH_PATHS = (
					"$(inherited)",
					"@executable_path/../Frameworks",
				);
				MARKETING_VERSION = 1.0;
				PRODUCT_BUNDLE_IDENTIFIER = dev.tsnanh.MacClipboardManager;
				PRODUCT_NAME = "$(TARGET_NAME)";
				SWIFT_EMIT_LOC_STRINGS = YES;
				SWIFT_VERSION = 5.0;
			};
			name = Debug;
		};
		F6AA0A362D1E9D8400A3582B /* Release */ = {
			isa = XCBuildConfiguration;
			buildSettings = {
				ASSETCATALOG_COMPILER_APPICON_NAME = AppIcon;
				ASSETCATALOG_COMPILER_GLOBAL_ACCENT_COLOR_NAME = AccentColor;
				CODE_SIGN_ENTITLEMENTS = MacClipboardManager/MacClipboardManager.entitlements;
				"CODE_SIGN_IDENTITY[sdk=macosx*]" = "Apple Development";
				CODE_SIGN_STYLE = Automatic;
				COMBINE_HIDPI_IMAGES = YES;
				CURRENT_PROJECT_VERSION = 1;
				DEVELOPMENT_TEAM = Q5Q77Z4TJ9;
				ENABLE_HARDENED_RUNTIME = YES;
				GENERATE_INFOPLIST_FILE = YES;
				INFOPLIST_KEY_NSHumanReadableCopyright = "";
				INFOPLIST_KEY_NSPrincipalClass = NSApplication;
				LD_RUNPATH_SEARCH_PATHS = (
					"$(inherited)",
					"@executable_path/../Frameworks",
				);
				MARKETING_VERSION = 1.0;
				PRODUCT_BUNDLE_IDENTIFIER = dev.tsnanh.MacClipboardManager;
				PRODUCT_NAME = "$(TARGET_NAME)";
				SWIFT_EMIT_LOC_STRINGS = YES;
				SWIFT_VERSION = 5.0;
			};
			name = Release;
		};
		F6AA0A382D1E9D8400A3582B /* Debug */ = {
			isa = XCBuildConfiguration;
			buildSettings = {
				BUNDLE_LOADER = "$(TEST_HOST)";
				CODE_SIGN_STYLE = Automatic;
				CURRENT_PROJECT_VERSION = 1;
				DEVELOPMENT_TEAM = Q5Q77Z4TJ9;
				GENERATE_INFOPLIST_FILE = YES;
				MACOSX_DEPLOYMENT_TARGET = 15.0;
				MARKETING_VERSION = 1.0;
				PRODUCT_BUNDLE_IDENTIFIER = dev.tsnanh.MacClipboardManagerTests;
				PRODUCT_NAME = "$(TARGET_NAME)";
				SWIFT_EMIT_LOC_STRINGS = NO;
				SWIFT_VERSION = 5.0;
				TEST_HOST = "$(BUILT_PRODUCTS_DIR)/MacClipboardManager.app/$(BUNDLE_EXECUTABLE_FOLDER_PATH)/MacClipboardManager";
			};
			name = Debug;
		};
		F6AA0A392D1E9D8400A3582B /* Release */ = {
			isa = XCBuildConfiguration;
			buildSettings = {
				BUNDLE_LOADER = "$(TEST_HOST)";
				CODE_SIGN_STYLE = Automatic;
				CURRENT_PROJECT_VERSION = 1;
				DEVELOPMENT_TEAM = Q5Q77Z4TJ9;
				GENERATE_INFOPLIST_FILE = YES;
				MACOSX_DEPLOYMENT_TARGET = 15.0;
				MARKETING_VERSION = 1.0;
				PRODUCT_BUNDLE_IDENTIFIER = dev.tsnanh.MacClipboardManagerTests;
				PRODUCT_NAME = "$(TARGET_NAME)";
				SWIFT_EMIT_LOC_STRINGS = NO;
				SWIFT_VERSION = 5.0;
				TEST_HOST = "$(BUILT_PRODUCTS_DIR)/MacClipboardManager.app/$(BUNDLE_EXECUTABLE_FOLDER_PATH)/MacClipboardManager";
			};
			name = Release;
		};
		F6AA0A3B2D1E9D8400A3582B /* Debug */ = {
			isa = XCBuildConfiguration;
			buildSettings = {
				CODE_SIGN_STYLE = Automatic;
				CURRENT_PROJECT_VERSION = 1;
				DEVELOPMENT_TEAM = Q5Q77Z4TJ9;
				GENERATE_INFOPLIST_FILE = YES;
				MARKETING_VERSION = 1.0;
				PRODUCT_BUNDLE_IDENTIFIER = dev.tsnanh.MacClipboardManagerUITests;
				PRODUCT_NAME = "$(TARGET_NAME)";
				SWIFT_EMIT_LOC_STRINGS = NO;
				SWIFT_VERSION = 5.0;
				TEST_TARGET_NAME = MacClipboardManager;
			};
			name = Debug;
		};
		F6AA0A3C2D1E9D8400A3582B /* Release */ = {
			isa = XCBuildConfiguration;
			buildSettings = {
				CODE_SIGN_STYLE = Automatic;
				CURRENT_PROJECT_VERSION = 1;
				DEVELOPMENT_TEAM = Q5Q77Z4TJ9;
				GENERATE_INFOPLIST_FILE = YES;
				MARKETING_VERSION = 1.0;
				PRODUCT_BUNDLE_IDENTIFIER = dev.tsnanh.MacClipboardManagerUITests;
				PRODUCT_NAME = "$(TARGET_NAME)";
				SWIFT_EMIT_LOC_STRINGS = NO;
				SWIFT_VERSION = 5.0;
				TEST_TARGET_NAME = MacClipboardManager;
			};
			name = Release;
		};
/* End XCBuildConfiguration section */

/* Begin XCConfigurationList section */
		F6AA0A0A2D1E9D8300A3582B /* Build configuration list for PBXProject "MacClipboardManager" */ = {
			isa = XCConfigurationList;
			buildConfigurations = (
				F6AA0A322D1E9D8400A3582B /* Debug */,
				F6AA0A332D1E9D8400A3582B /* Release */,
			);
			defaultConfigurationIsVisible = 0;
			defaultConfigurationName = Release;
		};
		F6AA0A342D1E9D8400A3582B /* Build configuration list for PBXNativeTarget "MacClipboardManager" */ = {
			isa = XCConfigurationList;
			buildConfigurations = (
				F6AA0A352D1E9D8400A3582B /* Debug */,
				F6AA0A362D1E9D8400A3582B /* Release */,
			);
			defaultConfigurationIsVisible = 0;
			defaultConfigurationName = Release;
		};
		F6AA0A372D1E9D8400A3582B /* Build configuration list for PBXNativeTarget "MacClipboardManagerTests" */ = {
			isa = XCConfigurationList;
			buildConfigurations = (
				F6AA0A382D1E9D8400A3582B /* Debug */,
				F6AA0A392D1E9D8400A3582B /* Release */,
			);
			defaultConfigurationIsVisible = 0;
			defaultConfigurationName = Release;
		};
		F6AA0A3A2D1E9D8400A3582B /* Build configuration list for PBXNativeTarget "MacClipboardManagerUITests" */ = {
			isa = XCConfigurationList;
			buildConfigurations = (
				F6AA0A3B2D1E9D8400A3582B /* Debug */,
				F6AA0A3C2D1E9D8400A3582B /* Release */,
			);
			defaultConfigurationIsVisible = 0;
			defaultConfigurationName = Release;
		};
/* End XCConfigurationList section */
	};
	rootObject = F6AA0A072D1E9D8300A3582B /* Project object */;
}
